// !$*UTF8*$!
{
	archiveVersion = 1;
	classes = {
	};
	objectVersion = 46;
	objects = {

/* Begin PBXBuildFile section */
		BBC500071CBB545700843C93 /* GCDTest.m in Sources */ = {isa = PBXBuildFile; fileRef = BBC500041CBB545700843C93 /* GCDTest.m */; };
		BBC500081CBB545700843C93 /* RuntimeTest.m in Sources */ = {isa = PBXBuildFile; fileRef = BBC500061CBB545700843C93 /* RuntimeTest.m */; };
		BBC5000B1CBB549C00843C93 /* KVOTest.m in Sources */ = {isa = PBXBuildFile; fileRef = BBC5000A1CBB549C00843C93 /* KVOTest.m */; };
		BBC5000E1CBB7D3800843C93 /* XHLogHelper.m in Sources */ = {isa = PBXBuildFile; fileRef = BBC5000D1CBB7D3800843C93 /* XHLogHelper.m */; };
		BBC500111CBB8C6B00843C93 /* BlockTest.m in Sources */ = {isa = PBXBuildFile; fileRef = BBC500101CBB8C6B00843C93 /* BlockTest.m */; };
		BBC500141CBB8D0800843C93 /* RunLoopTest.m in Sources */ = {isa = PBXBuildFile; fileRef = BBC500131CBB8D0800843C93 /* RunLoopTest.m */; };
		BBC5FFBD1CBB3A1C00843C93 /* main.m in Sources */ = {isa = PBXBuildFile; fileRef = BBC5FFBC1CBB3A1C00843C93 /* main.m */; };
		BBC5FFC01CBB3A1C00843C93 /* AppDelegate.m in Sources */ = {isa = PBXBuildFile; fileRef = BBC5FFBF1CBB3A1C00843C93 /* AppDelegate.m */; };
		BBC5FFC31CBB3A1C00843C93 /* ViewController.m in Sources */ = {isa = PBXBuildFile; fileRef = BBC5FFC21CBB3A1C00843C93 /* ViewController.m */; };
		BBC5FFC61CBB3A1C00843C93 /* Main.storyboard in Resources */ = {isa = PBXBuildFile; fileRef = BBC5FFC41CBB3A1C00843C93 /* Main.storyboard */; };
		BBC5FFC81CBB3A1C00843C93 /* Assets.xcassets in Resources */ = {isa = PBXBuildFile; fileRef = BBC5FFC71CBB3A1C00843C93 /* Assets.xcassets */; };
		BBC5FFCB1CBB3A1C00843C93 /* LaunchScreen.storyboard in Resources */ = {isa = PBXBuildFile; fileRef = BBC5FFC91CBB3A1C00843C93 /* LaunchScreen.storyboard */; };
		BBC5FFD61CBB3A1C00843C93 /* iOSTestsTests.m in Sources */ = {isa = PBXBuildFile; fileRef = BBC5FFD51CBB3A1C00843C93 /* iOSTestsTests.m */; };
		BBC5FFE11CBB3A1C00843C93 /* iOSTestsUITests.m in Sources */ = {isa = PBXBuildFile; fileRef = BBC5FFE01CBB3A1C00843C93 /* iOSTestsUITests.m */; };
		BBC5FFF51CBB3C2900843C93 /* Person.m in Sources */ = {isa = PBXBuildFile; fileRef = BBC5FFF41CBB3C2900843C93 /* Person.m */; };
		BBC5FFF81CBB3D9200843C93 /* Student.m in Sources */ = {isa = PBXBuildFile; fileRef = BBC5FFF71CBB3D9200843C93 /* Student.m */; };
		BBC5FFFB1CBB3E4000843C93 /* Person+xh.m in Sources */ = {isa = PBXBuildFile; fileRef = BBC5FFFA1CBB3E4000843C93 /* Person+xh.m */; };
/* End PBXBuildFile section */

/* Begin PBXContainerItemProxy section */
		BBC5FFD21CBB3A1C00843C93 /* PBXContainerItemProxy */ = {
			isa = PBXContainerItemProxy;
			containerPortal = BBC5FFB01CBB3A1C00843C93 /* Project object */;
			proxyType = 1;
			remoteGlobalIDString = BBC5FFB71CBB3A1C00843C93;
			remoteInfo = iOSTests;
		};
		BBC5FFDD1CBB3A1C00843C93 /* PBXContainerItemProxy */ = {
			isa = PBXContainerItemProxy;
			containerPortal = BBC5FFB01CBB3A1C00843C93 /* Project object */;
			proxyType = 1;
			remoteGlobalIDString = BBC5FFB71CBB3A1C00843C93;
			remoteInfo = iOSTests;
		};
/* End PBXContainerItemProxy section */

/* Begin PBXFileReference section */
		BBC500031CBB545700843C93 /* GCDTest.h */ = {isa = PBXFileReference; fileEncoding = 4; lastKnownFileType = sourcecode.c.h; path = GCDTest.h; sourceTree = "<group>"; };
		BBC500041CBB545700843C93 /* GCDTest.m */ = {isa = PBXFileReference; fileEncoding = 4; lastKnownFileType = sourcecode.c.objc; path = GCDTest.m; sourceTree = "<group>"; };
		BBC500051CBB545700843C93 /* RuntimeTest.h */ = {isa = PBXFileReference; fileEncoding = 4; lastKnownFileType = sourcecode.c.h; path = RuntimeTest.h; sourceTree = "<group>"; };
		BBC500061CBB545700843C93 /* RuntimeTest.m */ = {isa = PBXFileReference; fileEncoding = 4; lastKnownFileType = sourcecode.c.objc; path = RuntimeTest.m; sourceTree = "<group>"; };
		BBC500091CBB549C00843C93 /* KVOTest.h */ = {isa = PBXFileReference; fileEncoding = 4; lastKnownFileType = sourcecode.c.h; path = KVOTest.h; sourceTree = "<group>"; };
		BBC5000A1CBB549C00843C93 /* KVOTest.m */ = {isa = PBXFileReference; fileEncoding = 4; lastKnownFileType = sourcecode.c.objc; path = KVOTest.m; sourceTree = "<group>"; };
		BBC5000C1CBB7D3800843C93 /* XHLogHelper.h */ = {isa = PBXFileReference; fileEncoding = 4; lastKnownFileType = sourcecode.c.h; path = XHLogHelper.h; sourceTree = "<group>"; };
		BBC5000D1CBB7D3800843C93 /* XHLogHelper.m */ = {isa = PBXFileReference; fileEncoding = 4; lastKnownFileType = sourcecode.c.objc; path = XHLogHelper.m; sourceTree = "<group>"; };
		BBC5000F1CBB8C6B00843C93 /* BlockTest.h */ = {isa = PBXFileReference; fileEncoding = 4; lastKnownFileType = sourcecode.c.h; path = BlockTest.h; sourceTree = "<group>"; };
		BBC500101CBB8C6B00843C93 /* BlockTest.m */ = {isa = PBXFileReference; fileEncoding = 4; lastKnownFileType = sourcecode.c.objc; path = BlockTest.m; sourceTree = "<group>"; };
		BBC500121CBB8D0800843C93 /* RunLoopTest.h */ = {isa = PBXFileReference; fileEncoding = 4; lastKnownFileType = sourcecode.c.h; path = RunLoopTest.h; sourceTree = "<group>"; };
		BBC500131CBB8D0800843C93 /* RunLoopTest.m */ = {isa = PBXFileReference; fileEncoding = 4; lastKnownFileType = sourcecode.c.objc; path = RunLoopTest.m; sourceTree = "<group>"; };
		BBC5FFB81CBB3A1C00843C93 /* iOSTests.app */ = {isa = PBXFileReference; explicitFileType = wrapper.application; includeInIndex = 0; path = iOSTests.app; sourceTree = BUILT_PRODUCTS_DIR; };
		BBC5FFBC1CBB3A1C00843C93 /* main.m */ = {isa = PBXFileReference; lastKnownFileType = sourcecode.c.objc; path = main.m; sourceTree = "<group>"; };
		BBC5FFBE1CBB3A1C00843C93 /* AppDelegate.h */ = {isa = PBXFileReference; lastKnownFileType = sourcecode.c.h; path = AppDelegate.h; sourceTree = "<group>"; };
		BBC5FFBF1CBB3A1C00843C93 /* AppDelegate.m */ = {isa = PBXFileReference; lastKnownFileType = sourcecode.c.objc; path = AppDelegate.m; sourceTree = "<group>"; };
		BBC5FFC11CBB3A1C00843C93 /* ViewController.h */ = {isa = PBXFileReference; lastKnownFileType = sourcecode.c.h; path = ViewController.h; sourceTree = "<group>"; };
		BBC5FFC21CBB3A1C00843C93 /* ViewController.m */ = {isa = PBXFileReference; lastKnownFileType = sourcecode.c.objc; path = ViewController.m; sourceTree = "<group>"; };
		BBC5FFC51CBB3A1C00843C93 /* Base */ = {isa = PBXFileReference; lastKnownFileType = file.storyboard; name = Base; path = Base.lproj/Main.storyboard; sourceTree = "<group>"; };
		BBC5FFC71CBB3A1C00843C93 /* Assets.xcassets */ = {isa = PBXFileReference; lastKnownFileType = folder.assetcatalog; path = Assets.xcassets; sourceTree = "<group>"; };
		BBC5FFCA1CBB3A1C00843C93 /* Base */ = {isa = PBXFileReference; lastKnownFileType = file.storyboard; name = Base; path = Base.lproj/LaunchScreen.storyboard; sourceTree = "<group>"; };
		BBC5FFCC1CBB3A1C00843C93 /* Info.plist */ = {isa = PBXFileReference; lastKnownFileType = text.plist.xml; path = Info.plist; sourceTree = "<group>"; };
		BBC5FFD11CBB3A1C00843C93 /* iOSTestsTests.xctest */ = {isa = PBXFileReference; explicitFileType = wrapper.cfbundle; includeInIndex = 0; path = iOSTestsTests.xctest; sourceTree = BUILT_PRODUCTS_DIR; };
		BBC5FFD51CBB3A1C00843C93 /* iOSTestsTests.m */ = {isa = PBXFileReference; lastKnownFileType = sourcecode.c.objc; path = iOSTestsTests.m; sourceTree = "<group>"; };
		BBC5FFD71CBB3A1C00843C93 /* Info.plist */ = {isa = PBXFileReference; lastKnownFileType = text.plist.xml; path = Info.plist; sourceTree = "<group>"; };
		BBC5FFDC1CBB3A1C00843C93 /* iOSTestsUITests.xctest */ = {isa = PBXFileReference; explicitFileType = wrapper.cfbundle; includeInIndex = 0; path = iOSTestsUITests.xctest; sourceTree = BUILT_PRODUCTS_DIR; };
		BBC5FFE01CBB3A1C00843C93 /* iOSTestsUITests.m */ = {isa = PBXFileReference; lastKnownFileType = sourcecode.c.objc; path = iOSTestsUITests.m; sourceTree = "<group>"; };
		BBC5FFE21CBB3A1C00843C93 /* Info.plist */ = {isa = PBXFileReference; lastKnownFileType = text.plist.xml; path = Info.plist; sourceTree = "<group>"; };
		BBC5FFF21CBB3C1600843C93 /* TestCommon.h */ = {isa = PBXFileReference; lastKnownFileType = sourcecode.c.h; path = TestCommon.h; sourceTree = "<group>"; };
		BBC5FFF31CBB3C2900843C93 /* Person.h */ = {isa = PBXFileReference; fileEncoding = 4; lastKnownFileType = sourcecode.c.h; path = Person.h; sourceTree = "<group>"; };
		BBC5FFF41CBB3C2900843C93 /* Person.m */ = {isa = PBXFileReference; fileEncoding = 4; lastKnownFileType = sourcecode.c.objc; path = Person.m; sourceTree = "<group>"; };
		BBC5FFF61CBB3D9200843C93 /* Student.h */ = {isa = PBXFileReference; fileEncoding = 4; lastKnownFileType = sourcecode.c.h; path = Student.h; sourceTree = "<group>"; };
		BBC5FFF71CBB3D9200843C93 /* Student.m */ = {isa = PBXFileReference; fileEncoding = 4; lastKnownFileType = sourcecode.c.objc; path = Student.m; sourceTree = "<group>"; };
		BBC5FFF91CBB3E4000843C93 /* Person+xh.h */ = {isa = PBXFileReference; fileEncoding = 4; lastKnownFileType = sourcecode.c.h; path = "Person+xh.h"; sourceTree = "<group>"; };
		BBC5FFFA1CBB3E4000843C93 /* Person+xh.m */ = {isa = PBXFileReference; fileEncoding = 4; lastKnownFileType = sourcecode.c.objc; path = "Person+xh.m"; sourceTree = "<group>"; };
/* End PBXFileReference section */

/* Begin PBXFrameworksBuildPhase section */
		BBC5FFB51CBB3A1C00843C93 /* Frameworks */ = {
			isa = PBXFrameworksBuildPhase;
			buildActionMask = 2147483647;
			files = (
			);
			runOnlyForDeploymentPostprocessing = 0;
		};
		BBC5FFCE1CBB3A1C00843C93 /* Frameworks */ = {
			isa = PBXFrameworksBuildPhase;
			buildActionMask = 2147483647;
			files = (
			);
			runOnlyForDeploymentPostprocessing = 0;
		};
		BBC5FFD91CBB3A1C00843C93 /* Frameworks */ = {
			isa = PBXFrameworksBuildPhase;
			buildActionMask = 2147483647;
			files = (
			);
			runOnlyForDeploymentPostprocessing = 0;
		};
/* End PBXFrameworksBuildPhase section */

/* Begin PBXGroup section */
		BBC500021CBB545700843C93 /* demo */ = {
			isa = PBXGroup;
			children = (
				BBC500121CBB8D0800843C93 /* RunLoopTest.h */,
				BBC500131CBB8D0800843C93 /* RunLoopTest.m */,
				BBC5000F1CBB8C6B00843C93 /* BlockTest.h */,
				BBC500101CBB8C6B00843C93 /* BlockTest.m */,
				BBC500091CBB549C00843C93 /* KVOTest.h */,
				BBC5000A1CBB549C00843C93 /* KVOTest.m */,
				BBC500031CBB545700843C93 /* GCDTest.h */,
				BBC500041CBB545700843C93 /* GCDTest.m */,
				BBC500051CBB545700843C93 /* RuntimeTest.h */,
				BBC500061CBB545700843C93 /* RuntimeTest.m */,
			);
			path = demo;
			sourceTree = "<group>";
		};
		BBC5FFAF1CBB3A1C00843C93 = {
			isa = PBXGroup;
			children = (
				BBC5FFBA1CBB3A1C00843C93 /* iOSTests */,
				BBC5FFD41CBB3A1C00843C93 /* iOSTestsTests */,
				BBC5FFDF1CBB3A1C00843C93 /* iOSTestsUITests */,
				BBC5FFB91CBB3A1C00843C93 /* Products */,
			);
			sourceTree = "<group>";
		};
		BBC5FFB91CBB3A1C00843C93 /* Products */ = {
			isa = PBXGroup;
			children = (
				BBC5FFB81CBB3A1C00843C93 /* iOSTests.app */,
				BBC5FFD11CBB3A1C00843C93 /* iOSTestsTests.xctest */,
				BBC5FFDC1CBB3A1C00843C93 /* iOSTestsUITests.xctest */,
			);
			name = Products;
			sourceTree = "<group>";
		};
		BBC5FFBA1CBB3A1C00843C93 /* iOSTests */ = {
			isa = PBXGroup;
			children = (
				BBC5FFBE1CBB3A1C00843C93 /* AppDelegate.h */,
				BBC5FFBF1CBB3A1C00843C93 /* AppDelegate.m */,
				BBC5FFC11CBB3A1C00843C93 /* ViewController.h */,
				BBC5FFC21CBB3A1C00843C93 /* ViewController.m */,
				BBC5FFC41CBB3A1C00843C93 /* Main.storyboard */,
				BBC5FFC71CBB3A1C00843C93 /* Assets.xcassets */,
				BBC5FFC91CBB3A1C00843C93 /* LaunchScreen.storyboard */,
				BBC5FFCC1CBB3A1C00843C93 /* Info.plist */,
				BBC5FFEE1CBB3A3B00843C93 /* Tests */,
				BBC5FFBB1CBB3A1C00843C93 /* Supporting Files */,
			);
			path = iOSTests;
			sourceTree = "<group>";
		};
		BBC5FFBB1CBB3A1C00843C93 /* Supporting Files */ = {
			isa = PBXGroup;
			children = (
				BBC5FFBC1CBB3A1C00843C93 /* main.m */,
			);
			name = "Supporting Files";
			sourceTree = "<group>";
		};
		BBC5FFD41CBB3A1C00843C93 /* iOSTestsTests */ = {
			isa = PBXGroup;
			children = (
				BBC5FFD51CBB3A1C00843C93 /* iOSTestsTests.m */,
				BBC5FFD71CBB3A1C00843C93 /* Info.plist */,
			);
			path = iOSTestsTests;
			sourceTree = "<group>";
		};
		BBC5FFDF1CBB3A1C00843C93 /* iOSTestsUITests */ = {
			isa = PBXGroup;
			children = (
				BBC5FFE01CBB3A1C00843C93 /* iOSTestsUITests.m */,
				BBC5FFE21CBB3A1C00843C93 /* Info.plist */,
			);
			path = iOSTestsUITests;
			sourceTree = "<group>";
		};
		BBC5FFEE1CBB3A3B00843C93 /* Tests */ = {
			isa = PBXGroup;
			children = (
				BBC500021CBB545700843C93 /* demo */,
				BBC5FFF11CBB3AB600843C93 /* Bases */,
				BBC5FFEF1CBB3A4600843C93 /* C */,
				BBC5000C1CBB7D3800843C93 /* XHLogHelper.h */,
				BBC5000D1CBB7D3800843C93 /* XHLogHelper.m */,
			);
			path = Tests;
			sourceTree = "<group>";
		};
		BBC5FFEF1CBB3A4600843C93 /* C */ = {
			isa = PBXGroup;
			children = (
			);
			path = C;
			sourceTree = "<group>";
		};
		BBC5FFF11CBB3AB600843C93 /* Bases */ = {
			isa = PBXGroup;
			children = (
				BBC5FFF21CBB3C1600843C93 /* TestCommon.h */,
				BBC5FFF31CBB3C2900843C93 /* Person.h */,
				BBC5FFF41CBB3C2900843C93 /* Person.m */,
				BBC5FFF61CBB3D9200843C93 /* Student.h */,
				BBC5FFF71CBB3D9200843C93 /* Student.m */,
				BBC5FFF91CBB3E4000843C93 /* Person+xh.h */,
				BBC5FFFA1CBB3E4000843C93 /* Person+xh.m */,
			);
			path = Bases;
			sourceTree = "<group>";
		};
/* End PBXGroup section */

/* Begin PBXNativeTarget section */
		BBC5FFB71CBB3A1C00843C93 /* iOSTests */ = {
			isa = PBXNativeTarget;
			buildConfigurationList = BBC5FFE51CBB3A1C00843C93 /* Build configuration list for PBXNativeTarget "iOSTests" */;
			buildPhases = (
				BBC5FFB41CBB3A1C00843C93 /* Sources */,
				BBC5FFB51CBB3A1C00843C93 /* Frameworks */,
				BBC5FFB61CBB3A1C00843C93 /* Resources */,
			);
			buildRules = (
			);
			dependencies = (
			);
			name = iOSTests;
			productName = iOSTests;
			productReference = BBC5FFB81CBB3A1C00843C93 /* iOSTests.app */;
			productType = "com.apple.product-type.application";
		};
		BBC5FFD01CBB3A1C00843C93 /* iOSTestsTests */ = {
			isa = PBXNativeTarget;
			buildConfigurationList = BBC5FFE81CBB3A1C00843C93 /* Build configuration list for PBXNativeTarget "iOSTestsTests" */;
			buildPhases = (
				BBC5FFCD1CBB3A1C00843C93 /* Sources */,
				BBC5FFCE1CBB3A1C00843C93 /* Frameworks */,
				BBC5FFCF1CBB3A1C00843C93 /* Resources */,
			);
			buildRules = (
			);
			dependencies = (
				BBC5FFD31CBB3A1C00843C93 /* PBXTargetDependency */,
			);
			name = iOSTestsTests;
			productName = iOSTestsTests;
			productReference = BBC5FFD11CBB3A1C00843C93 /* iOSTestsTests.xctest */;
			productType = "com.apple.product-type.bundle.unit-test";
		};
		BBC5FFDB1CBB3A1C00843C93 /* iOSTestsUITests */ = {
			isa = PBXNativeTarget;
			buildConfigurationList = BBC5FFEB1CBB3A1C00843C93 /* Build configuration list for PBXNativeTarget "iOSTestsUITests" */;
			buildPhases = (
				BBC5FFD81CBB3A1C00843C93 /* Sources */,
				BBC5FFD91CBB3A1C00843C93 /* Frameworks */,
				BBC5FFDA1CBB3A1C00843C93 /* Resources */,
			);
			buildRules = (
			);
			dependencies = (
				BBC5FFDE1CBB3A1C00843C93 /* PBXTargetDependency */,
			);
			name = iOSTestsUITests;
			productName = iOSTestsUITests;
			productReference = BBC5FFDC1CBB3A1C00843C93 /* iOSTestsUITests.xctest */;
			productType = "com.apple.product-type.bundle.ui-testing";
		};
/* End PBXNativeTarget section */

/* Begin PBXProject section */
		BBC5FFB01CBB3A1C00843C93 /* Project object */ = {
			isa = PBXProject;
			attributes = {
				LastUpgradeCheck = 0730;
				ORGANIZATIONNAME = xh;
				TargetAttributes = {
					BBC5FFB71CBB3A1C00843C93 = {
						CreatedOnToolsVersion = 7.3;
					};
					BBC5FFD01CBB3A1C00843C93 = {
						CreatedOnToolsVersion = 7.3;
						TestTargetID = BBC5FFB71CBB3A1C00843C93;
					};
					BBC5FFDB1CBB3A1C00843C93 = {
						CreatedOnToolsVersion = 7.3;
						TestTargetID = BBC5FFB71CBB3A1C00843C93;
					};
				};
			};
			buildConfigurationList = BBC5FFB31CBB3A1C00843C93 /* Build configuration list for PBXProject "iOSTests" */;
			compatibilityVersion = "Xcode 3.2";
			developmentRegion = English;
			hasScannedForEncodings = 0;
			knownRegions = (
				en,
				Base,
			);
			mainGroup = BBC5FFAF1CBB3A1C00843C93;
			productRefGroup = BBC5FFB91CBB3A1C00843C93 /* Products */;
			projectDirPath = "";
			projectRoot = "";
			targets = (
				BBC5FFB71CBB3A1C00843C93 /* iOSTests */,
				BBC5FFD01CBB3A1C00843C93 /* iOSTestsTests */,
				BBC5FFDB1CBB3A1C00843C93 /* iOSTestsUITests */,
			);
		};
/* End PBXProject section */

/* Begin PBXResourcesBuildPhase section */
		BBC5FFB61CBB3A1C00843C93 /* Resources */ = {
			isa = PBXResourcesBuildPhase;
			buildActionMask = 2147483647;
			files = (
				BBC5FFCB1CBB3A1C00843C93 /* LaunchScreen.storyboard in Resources */,
				BBC5FFC81CBB3A1C00843C93 /* Assets.xcassets in Resources */,
				BBC5FFC61CBB3A1C00843C93 /* Main.storyboard in Resources */,
			);
			runOnlyForDeploymentPostprocessing = 0;
		};
		BBC5FFCF1CBB3A1C00843C93 /* Resources */ = {
			isa = PBXResourcesBuildPhase;
			buildActionMask = 2147483647;
			files = (
			);
			runOnlyForDeploymentPostprocessing = 0;
		};
		BBC5FFDA1CBB3A1C00843C93 /* Resources */ = {
			isa = PBXResourcesBuildPhase;
			buildActionMask = 2147483647;
			files = (
			);
			runOnlyForDeploymentPostprocessing = 0;
		};
/* End PBXResourcesBuildPhase section */

/* Begin PBXSourcesBuildPhase section */
		BBC5FFB41CBB3A1C00843C93 /* Sources */ = {
			isa = PBXSourcesBuildPhase;
			buildActionMask = 2147483647;
			files = (
				BBC5FFC31CBB3A1C00843C93 /* ViewController.m in Sources */,
				BBC500071CBB545700843C93 /* GCDTest.m in Sources */,
				BBC500111CBB8C6B00843C93 /* BlockTest.m in Sources */,
				BBC5000B1CBB549C00843C93 /* KVOTest.m in Sources */,
				BBC5FFC01CBB3A1C00843C93 /* AppDelegate.m in Sources */,
				BBC5FFFB1CBB3E4000843C93 /* Person+xh.m in Sources */,
				BBC500081CBB545700843C93 /* RuntimeTest.m in Sources */,
				BBC500141CBB8D0800843C93 /* RunLoopTest.m in Sources */,
				BBC5FFF81CBB3D9200843C93 /* Student.m in Sources */,
				BBC5FFF51CBB3C2900843C93 /* Person.m in Sources */,
				BBC5000E1CBB7D3800843C93 /* XHLogHelper.m in Sources */,
				BBC5FFBD1CBB3A1C00843C93 /* main.m in Sources */,
			);
			runOnlyForDeploymentPostprocessing = 0;
		};
		BBC5FFCD1CBB3A1C00843C93 /* Sources */ = {
			isa = PBXSourcesBuildPhase;
			buildActionMask = 2147483647;
			files = (
				BBC5FFD61CBB3A1C00843C93 /* iOSTestsTests.m in Sources */,
			);
			runOnlyForDeploymentPostprocessing = 0;
		};
		BBC5FFD81CBB3A1C00843C93 /* Sources */ = {
			isa = PBXSourcesBuildPhase;
			buildActionMask = 2147483647;
			files = (
				BBC5FFE11CBB3A1C00843C93 /* iOSTestsUITests.m in Sources */,
			);
			runOnlyForDeploymentPostprocessing = 0;
		};
/* End PBXSourcesBuildPhase section */

/* Begin PBXTargetDependency section */
		BBC5FFD31CBB3A1C00843C93 /* PBXTargetDependency */ = {
			isa = PBXTargetDependency;
			target = BBC5FFB71CBB3A1C00843C93 /* iOSTests */;
			targetProxy = BBC5FFD21CBB3A1C00843C93 /* PBXContainerItemProxy */;
		};
		BBC5FFDE1CBB3A1C00843C93 /* PBXTargetDependency */ = {
			isa = PBXTargetDependency;
			target = BBC5FFB71CBB3A1C00843C93 /* iOSTests */;
			targetProxy = BBC5FFDD1CBB3A1C00843C93 /* PBXContainerItemProxy */;
		};
/* End PBXTargetDependency section */

/* Begin PBXVariantGroup section */
		BBC5FFC41CBB3A1C00843C93 /* Main.storyboard */ = {
			isa = PBXVariantGroup;
			children = (
				BBC5FFC51CBB3A1C00843C93 /* Base */,
			);
			name = Main.storyboard;
			sourceTree = "<group>";
		};
		BBC5FFC91CBB3A1C00843C93 /* LaunchScreen.storyboard */ = {
			isa = PBXVariantGroup;
			children = (
				BBC5FFCA1CBB3A1C00843C93 /* Base */,
			);
			name = LaunchScreen.storyboard;
			sourceTree = "<group>";
		};
/* End PBXVariantGroup section */

/* Begin XCBuildConfiguration section */
		BBC5FFE31CBB3A1C00843C93 /* Debug */ = {
			isa = XCBuildConfiguration;
			buildSettings = {
				ALWAYS_SEARCH_USER_PATHS = NO;
				CLANG_ANALYZER_NONNULL = YES;
				CLANG_CXX_LANGUAGE_STANDARD = "gnu++0x";
				CLANG_CXX_LIBRARY = "libc++";
				CLANG_ENABLE_MODULES = YES;
				CLANG_ENABLE_OBJC_ARC = YES;
				CLANG_WARN_BOOL_CONVERSION = YES;
				CLANG_WARN_CONSTANT_CONVERSION = YES;
				CLANG_WARN_DIRECT_OBJC_ISA_USAGE = YES_ERROR;
				CLANG_WARN_EMPTY_BODY = YES;
				CLANG_WARN_ENUM_CONVERSION = YES;
				CLANG_WARN_INT_CONVERSION = YES;
				CLANG_WARN_OBJC_ROOT_CLASS = YES_ERROR;
				CLANG_WARN_UNREACHABLE_CODE = YES;
				CLANG_WARN__DUPLICATE_METHOD_MATCH = YES;
				"CODE_SIGN_IDENTITY[sdk=iphoneos*]" = "iPhone Developer";
				COPY_PHASE_STRIP = NO;
				DEBUG_INFORMATION_FORMAT = dwarf;
				ENABLE_STRICT_OBJC_MSGSEND = YES;
				ENABLE_TESTABILITY = YES;
				GCC_C_LANGUAGE_STANDARD = gnu99;
				GCC_DYNAMIC_NO_PIC = NO;
				GCC_NO_COMMON_BLOCKS = YES;
				GCC_OPTIMIZATION_LEVEL = 0;
				GCC_PREPROCESSOR_DEFINITIONS = (
					"DEBUG=1",
					"$(inherited)",
				);
				GCC_WARN_64_TO_32_BIT_CONVERSION = YES;
				GCC_WARN_ABOUT_RETURN_TYPE = YES_ERROR;
				GCC_WARN_UNDECLARED_SELECTOR = YES;
				GCC_WARN_UNINITIALIZED_AUTOS = YES_AGGRESSIVE;
				GCC_WARN_UNUSED_FUNCTION = YES;
				GCC_WARN_UNUSED_VARIABLE = YES;
				IPHONEOS_DEPLOYMENT_TARGET = 9.3;
				MTL_ENABLE_DEBUG_INFO = YES;
				ONLY_ACTIVE_ARCH = YES;
				SDKROOT = iphoneos;
				TARGETED_DEVICE_FAMILY = "1,2";
			};
			name = Debug;
		};
		BBC5FFE41CBB3A1C00843C93 /* Release */ = {
			isa = XCBuildConfiguration;
			buildSettings = {
				ALWAYS_SEARCH_USER_PATHS = NO;
				CLANG_ANALYZER_NONNULL = YES;
				CLANG_CXX_LANGUAGE_STANDARD = "gnu++0x";
				CLANG_CXX_LIBRARY = "libc++";
				CLANG_ENABLE_MODULES = YES;
				CLANG_ENABLE_OBJC_ARC = YES;
				CLANG_WARN_BOOL_CONVERSION = YES;
				CLANG_WARN_CONSTANT_CONVERSION = YES;
				CLANG_WARN_DIRECT_OBJC_ISA_USAGE = YES_ERROR;
				CLANG_WARN_EMPTY_BODY = YES;
				CLANG_WARN_ENUM_CONVERSION = YES;
				CLANG_WARN_INT_CONVERSION = YES;
				CLANG_WARN_OBJC_ROOT_CLASS = YES_ERROR;
				CLANG_WARN_UNREACHABLE_CODE = YES;
				CLANG_WARN__DUPLICATE_METHOD_MATCH = YES;
				"CODE_SIGN_IDENTITY[sdk=iphoneos*]" = "iPhone Developer";
				COPY_PHASE_STRIP = NO;
				DEBUG_INFORMATION_FORMAT = "dwarf-with-dsym";
				ENABLE_NS_ASSERTIONS = NO;
				ENABLE_STRICT_OBJC_MSGSEND = YES;
				GCC_C_LANGUAGE_STANDARD = gnu99;
				GCC_NO_COMMON_BLOCKS = YES;
				GCC_WARN_64_TO_32_BIT_CONVERSION = YES;
				GCC_WARN_ABOUT_RETURN_TYPE = YES_ERROR;
				GCC_WARN_UNDECLARED_SELECTOR = YES;
				GCC_WARN_UNINITIALIZED_AUTOS = YES_AGGRESSIVE;
				GCC_WARN_UNUSED_FUNCTION = YES;
				GCC_WARN_UNUSED_VARIABLE = YES;
				IPHONEOS_DEPLOYMENT_TARGET = 9.3;
				MTL_ENABLE_DEBUG_INFO = NO;
				SDKROOT = iphoneos;
				TARGETED_DEVICE_FAMILY = "1,2";
				VALIDATE_PRODUCT = YES;
			};
			name = Release;
		};
		BBC5FFE61CBB3A1C00843C93 /* Debug */ = {
			isa = XCBuildConfiguration;
			buildSettings = {
				ASSETCATALOG_COMPILER_APPICON_NAME = AppIcon;
				INFOPLIST_FILE = iOSTests/Info.plist;
				IPHONEOS_DEPLOYMENT_TARGET = 7.0;
				LD_RUNPATH_SEARCH_PATHS = "$(inherited) @executable_path/Frameworks";
				PRODUCT_BUNDLE_IDENTIFIER = com.xianghui.iOSTests;
				PRODUCT_NAME = "$(TARGET_NAME)";
			};
			name = Debug;
		};
		BBC5FFE71CBB3A1C00843C93 /* Release */ = {
			isa = XCBuildConfiguration;
			buildSettings = {
				ASSETCATALOG_COMPILER_APPICON_NAME = AppIcon;
				INFOPLIST_FILE = iOSTests/Info.plist;
				IPHONEOS_DEPLOYMENT_TARGET = 7.0;
				LD_RUNPATH_SEARCH_PATHS = "$(inherited) @executable_path/Frameworks";
				PRODUCT_BUNDLE_IDENTIFIER = com.xianghui.iOSTests;
				PRODUCT_NAME = "$(TARGET_NAME)";
			};
			name = Release;
		};
		BBC5FFE91CBB3A1C00843C93 /* Debug */ = {
			isa = XCBuildConfiguration;
			buildSettings = {
				BUNDLE_LOADER = "$(TEST_HOST)";
				INFOPLIST_FILE = iOSTestsTests/Info.plist;
				LD_RUNPATH_SEARCH_PATHS = "$(inherited) @executable_path/Frameworks @loader_path/Frameworks";
				PRODUCT_BUNDLE_IDENTIFIER = com.xianghui.iOSTestsTests;
				PRODUCT_NAME = "$(TARGET_NAME)";
				TEST_HOST = "$(BUILT_PRODUCTS_DIR)/iOSTests.app/iOSTests";
			};
			name = Debug;
		};
		BBC5FFEA1CBB3A1C00843C93 /* Release */ = {
			isa = XCBuildConfiguration;
			buildSettings = {
				BUNDLE_LOADER = "$(TEST_HOST)";
				INFOPLIST_FILE = iOSTestsTests/Info.plist;
				LD_RUNPATH_SEARCH_PATHS = "$(inherited) @executable_path/Frameworks @loader_path/Frameworks";
				PRODUCT_BUNDLE_IDENTIFIER = com.xianghui.iOSTestsTests;
				PRODUCT_NAME = "$(TARGET_NAME)";
				TEST_HOST = "$(BUILT_PRODUCTS_DIR)/iOSTests.app/iOSTests";
			};
			name = Release;
		};
		BBC5FFEC1CBB3A1C00843C93 /* Debug */ = {
			isa = XCBuildConfiguration;
			buildSettings = {
				INFOPLIST_FILE = iOSTestsUITests/Info.plist;
				LD_RUNPATH_SEARCH_PATHS = "$(inherited) @executable_path/Frameworks @loader_path/Frameworks";
				PRODUCT_BUNDLE_IDENTIFIER = com.xianghui.iOSTestsUITests;
				PRODUCT_NAME = "$(TARGET_NAME)";
				TEST_TARGET_NAME = iOSTests;
			};
			name = Debug;
		};
		BBC5FFED1CBB3A1C00843C93 /* Release */ = {
			isa = XCBuildConfiguration;
			buildSettings = {
				INFOPLIST_FILE = iOSTestsUITests/Info.plist;
				LD_RUNPATH_SEARCH_PATHS = "$(inherited) @executable_path/Frameworks @loader_path/Frameworks";
				PRODUCT_BUNDLE_IDENTIFIER = com.xianghui.iOSTestsUITests;
				PRODUCT_NAME = "$(TARGET_NAME)";
				TEST_TARGET_NAME = iOSTests;
			};
			name = Release;
		};
/* End XCBuildConfiguration section */

/* Begin XCConfigurationList section */
		BBC5FFB31CBB3A1C00843C93 /* Build configuration list for PBXProject "iOSTests" */ = {
			isa = XCConfigurationList;
			buildConfigurations = (
				BBC5FFE31CBB3A1C00843C93 /* Debug */,
				BBC5FFE41CBB3A1C00843C93 /* Release */,
			);
			defaultConfigurationIsVisible = 0;
			defaultConfigurationName = Release;
		};
		BBC5FFE51CBB3A1C00843C93 /* Build configuration list for PBXNativeTarget "iOSTests" */ = {
			isa = XCConfigurationList;
			buildConfigurations = (
				BBC5FFE61CBB3A1C00843C93 /* Debug */,
				BBC5FFE71CBB3A1C00843C93 /* Release */,
			);
			defaultConfigurationIsVisible = 0;
		};
		BBC5FFE81CBB3A1C00843C93 /* Build configuration list for PBXNativeTarget "iOSTestsTests" */ = {
			isa = XCConfigurationList;
			buildConfigurations = (
				BBC5FFE91CBB3A1C00843C93 /* Debug */,
				BBC5FFEA1CBB3A1C00843C93 /* Release */,
			);
			defaultConfigurationIsVisible = 0;
		};
		BBC5FFEB1CBB3A1C00843C93 /* Build configuration list for PBXNativeTarget "iOSTestsUITests" */ = {
			isa = XCConfigurationList;
			buildConfigurations = (
				BBC5FFEC1CBB3A1C00843C93 /* Debug */,
				BBC5FFED1CBB3A1C00843C93 /* Release */,
			);
			defaultConfigurationIsVisible = 0;
		};
/* End XCConfigurationList section */
	};
	rootObject = BBC5FFB01CBB3A1C00843C93 /* Project object */;
}
